
Microsoft Visual Studio Solution File, Format Version 12.00
# Visual Studio Version 16
VisualStudioVersion = 16.0.29911.84
MinimumVisualStudioVersion = 10.0.40219.1
Project("{9A19103F-16F7-4668-BE54-9A1E7A4F7556}") = "csharpcore", "csharpcore.csproj", "{3084B6EB-5945-4DE2-8A7F-BF4944FB147D}"
EndProject
Global
	GlobalSection(SolutionConfigurationPlatforms) = preSolution
		Debug|Any CPU = Debug|Any CPU
		Release|Any CPU = Release|Any CPU
	EndGlobalSection
	GlobalSection(ProjectConfigurationPlatforms) = postSolution
		{3084B6EB-5945-4DE2-8A7F-BF4944FB147D}.Debug|Any CPU.ActiveCfg = Debug|Any CPU
		{3084B6EB-5945-4DE2-8A7F-BF4944FB147D}.Debug|Any CPU.Build.0 = Debug|Any CPU
		{3084B6EB-5945-4DE2-8A7F-BF4944FB147D}.Release|Any CPU.ActiveCfg = Release|Any CPU
		{3084B6EB-5945-4DE2-8A7F-BF4944FB147D}.Release|Any CPU.Build.0 = Release|Any CPU
	EndGlobalSection
	GlobalSection(SolutionProperties) = preSolution
		HideSolutionNode = FALSE
	EndGlobalSection
	GlobalSection(ExtensibilityGlobals) = postSolution
		SolutionGuid = {8CA379CC-0256-4E66-A97F-9DC7A1FCDC20}
	EndGlobalSection
EndGlobal
